
Microsoft Visual Studio Solution File, Format Version 12.00
Project("{2150E333-8FDC-42A3-9474-1A3956D46DE8}") = "src", "src", "{D7A685F0-55E8-410E-85A2-0210A88AA901}"
EndProject
Project("{FAE04EC0-301F-11D3-BF4B-00C04F79EFBC}") = "Firmeza.Domain", "src\Firmeza.Domain\Firmeza.Domain.csproj", "{CB119969-A15D-4D53-8265-5670D0EF818E}"
EndProject
Project("{FAE04EC0-301F-11D3-BF4B-00C04F79EFBC}") = "Firmeza.Application", "src\Firmeza.Application\Firmeza.Application.csproj", "{6A704D3D-260A-4626-9B70-93F026E1295D}"
EndProject
Project("{FAE04EC0-301F-11D3-BF4B-00C04F79EFBC}") = "Firmeza.Infrastructure", "src\Firmeza.Infrastructure\Firmeza.Infrastructure.csproj", "{A1190EDC-5CFB-49C0-B65E-925CB8610F87}"
EndProject
Project("{FAE04EC0-301F-11D3-BF4B-00C04F79EFBC}") = "Firmeza.Web", "src\Firmeza.Web\Firmeza.csproj", "{B890BBA9-9382-4F7A-BB0A-62DFFFB3589E}"
EndProject
Global
	GlobalSection(SolutionConfigurationPlatforms) = preSolution
		Debug|Any CPU = Debug|Any CPU
		Release|Any CPU = Release|Any CPU
	EndGlobalSection
	GlobalSection(ProjectConfigurationPlatforms) = postSolution
		{CB119969-A15D-4D53-8265-5670D0EF818E}.Debug|Any CPU.ActiveCfg = Debug|Any CPU
		{CB119969-A15D-4D53-8265-5670D0EF818E}.Debug|Any CPU.Build.0 = Debug|Any CPU
		{CB119969-A15D-4D53-8265-5670D0EF818E}.Release|Any CPU.ActiveCfg = Release|Any CPU
		{CB119969-A15D-4D53-8265-5670D0EF818E}.Release|Any CPU.Build.0 = Release|Any CPU
		{6A704D3D-260A-4626-9B70-93F026E1295D}.Debug|Any CPU.ActiveCfg = Debug|Any CPU
		{6A704D3D-260A-4626-9B70-93F026E1295D}.Debug|Any CPU.Build.0 = Debug|Any CPU
		{6A704D3D-260A-4626-9B70-93F026E1295D}.Release|Any CPU.ActiveCfg = Release|Any CPU
		{6A704D3D-260A-4626-9B70-93F026E1295D}.Release|Any CPU.Build.0 = Release|Any CPU
		{A1190EDC-5CFB-49C0-B65E-925CB8610F87}.Debug|Any CPU.ActiveCfg = Debug|Any CPU
		{A1190EDC-5CFB-49C0-B65E-925CB8610F87}.Debug|Any CPU.Build.0 = Debug|Any CPU
		{A1190EDC-5CFB-49C0-B65E-925CB8610F87}.Release|Any CPU.ActiveCfg = Release|Any CPU
		{A1190EDC-5CFB-49C0-B65E-925CB8610F87}.Release|Any CPU.Build.0 = Release|Any CPU
		{B890BBA9-9382-4F7A-BB0A-62DFFFB3589E}.Debug|Any CPU.ActiveCfg = Debug|Any CPU
		{B890BBA9-9382-4F7A-BB0A-62DFFFB3589E}.Debug|Any CPU.Build.0 = Debug|Any CPU
		{B890BBA9-9382-4F7A-BB0A-62DFFFB3589E}.Release|Any CPU.ActiveCfg = Release|Any CPU
		{B890BBA9-9382-4F7A-BB0A-62DFFFB3589E}.Release|Any CPU.Build.0 = Release|Any CPU
	EndGlobalSection
	GlobalSection(SolutionProperties) = preSolution
		HideSolutionNode = FALSE
	EndGlobalSection
	GlobalSection(NestedProjects) = preSolution
		{CB119969-A15D-4D53-8265-5670D0EF818E} = {D7A685F0-55E8-410E-85A2-0210A88AA901}
		{6A704D3D-260A-4626-9B70-93F026E1295D} = {D7A685F0-55E8-410E-85A2-0210A88AA901}
		{A1190EDC-5CFB-49C0-B65E-925CB8610F87} = {D7A685F0-55E8-410E-85A2-0210A88AA901}
		{B890BBA9-9382-4F7A-BB0A-62DFFFB3589E} = {D7A685F0-55E8-410E-85A2-0210A88AA901}
	EndGlobalSection
EndGlobal
